annotated-types==0.7.0
cffi==1.15.1
mip==1.15.0
multimethod==1.10
mypy-extensions==1.0.0
numpy==1.26.4
packaging==24.0
pandas==2.2.2
pandera==0.19.3
pycparser==2.22
pydantic==2.7.3
pydantic_core==2.18.4
python-dateutil==2.9.0.post0
pytz==2024.1
six==1.16.0
typeguard==4.3.0
typing-inspect==0.9.0
typing_extensions==4.12.1
tzdata==2024.1
wrapt==1.16.0
